// !$*UTF8*$!
{
	archiveVersion = 1;
	classes = {
	};
	objectVersion = 50;
	objects = {

/* Begin PBXBuildFile section */
		209F57B1084BBFB40431A7B6 /* Pods_SCE_Mac.framework in Frameworks */ = {isa = PBXBuildFile; fileRef = BB9A6A475886FA02C9611640 /* Pods_SCE_Mac.framework */; };
		297FB7EDAA27A965DFA16022 /* Pods_SCETests.framework in Frameworks */ = {isa = PBXBuildFile; fileRef = 54A43741EBE055AC47EB4EA9 /* Pods_SCETests.framework */; };
		6F1A3BDD2371DB2730951110 /* Pods_SCE_MacTests.framework in Frameworks */ = {isa = PBXBuildFile; fileRef = 3B4FA972095B5D6274482826 /* Pods_SCE_MacTests.framework */; };
		7B3ECACB527BFD91BBF584F0 /* Pods_SCE.framework in Frameworks */ = {isa = PBXBuildFile; fileRef = 76DAF4D440B83CBE32C049B1 /* Pods_SCE.framework */; };
		C7E76437211EC16300867DA4 /* EditWindowController.swift in Sources */ = {isa = PBXBuildFile; fileRef = C7E76436211EC16300867DA4 /* EditWindowController.swift */; };
		C7E7643A21214D4600867DA4 /* ChooseTemplateViewController.swift in Sources */ = {isa = PBXBuildFile; fileRef = C7E7643921214D4600867DA4 /* ChooseTemplateViewController.swift */; };
		C7E7643F2122A2CF00867DA4 /* TemplateCollectionViewItem.swift in Sources */ = {isa = PBXBuildFile; fileRef = C7E7643D2122A2CF00867DA4 /* TemplateCollectionViewItem.swift */; };
		C7E764402122A2CF00867DA4 /* TemplateCollectionViewItem.xib in Resources */ = {isa = PBXBuildFile; fileRef = C7E7643E2122A2CF00867DA4 /* TemplateCollectionViewItem.xib */; };
		C7E764422122AC2100867DA4 /* ContractTemplate.swift in Sources */ = {isa = PBXBuildFile; fileRef = C7E764412122AC2100867DA4 /* ContractTemplate.swift */; };
		C7E764442122B0CA00867DA4 /* Templates.json in Resources */ = {isa = PBXBuildFile; fileRef = C7E764432122B0CA00867DA4 /* Templates.json */; };
		C7E764462123539100867DA4 /* Template.storyboard in Resources */ = {isa = PBXBuildFile; fileRef = C7E764452123539100867DA4 /* Template.storyboard */; };
		C7E76448212358A900867DA4 /* PreparingViewController.swift in Sources */ = {isa = PBXBuildFile; fileRef = C7E76447212358A900867DA4 /* PreparingViewController.swift */; };
		C7E7644A2124DCE100867DA4 /* TruffleInit in Resources */ = {isa = PBXBuildFile; fileRef = C7E764492124DCE100867DA4 /* TruffleInit */; };
		C7E7644C2124E06700867DA4 /* EmbarkInit in Resources */ = {isa = PBXBuildFile; fileRef = C7E7644B2124E06700867DA4 /* EmbarkInit */; };
		C7E7644E2124E0EB00867DA4 /* TruffleTemplate.sol in Resources */ = {isa = PBXBuildFile; fileRef = C7E7644D2124E0EB00867DA4 /* TruffleTemplate.sol */; };
		C7E764502124E10600867DA4 /* EmbarkTemplate.sol in Resources */ = {isa = PBXBuildFile; fileRef = C7E7644F2124E10600867DA4 /* EmbarkTemplate.sol */; };
		C7E764532124FA1300867DA4 /* Setup in Resources */ = {isa = PBXBuildFile; fileRef = C7E764522124FA1300867DA4 /* Setup */; };
		C7E764552125322700867DA4 /* TutorialToken in Resources */ = {isa = PBXBuildFile; fileRef = C7E764542125322700867DA4 /* TutorialToken */; };
		C7E764572125E8C000867DA4 /* listdir.command in Resources */ = {isa = PBXBuildFile; fileRef = C7E764562125E8C000867DA4 /* listdir.command */; };
		C7E76459212610DA00867DA4 /* TruffleInit.command in Resources */ = {isa = PBXBuildFile; fileRef = C7E76458212610DA00867DA4 /* TruffleInit.command */; };
		C7E7645B21262D1800867DA4 /* Project.swift in Sources */ = {isa = PBXBuildFile; fileRef = C7E7645A21262D1800867DA4 /* Project.swift */; };
		C7E7645D212675AF00867DA4 /* Error.swift in Sources */ = {isa = PBXBuildFile; fileRef = C7E7645C212675AF00867DA4 /* Error.swift */; };
		C7F0B977210DACCB005A8FE2 /* AppDelegate.swift in Sources */ = {isa = PBXBuildFile; fileRef = C7F0B976210DACCB005A8FE2 /* AppDelegate.swift */; };
		C7F0B979210DACCB005A8FE2 /* MasterViewController.swift in Sources */ = {isa = PBXBuildFile; fileRef = C7F0B978210DACCB005A8FE2 /* MasterViewController.swift */; };
		C7F0B97B210DACCB005A8FE2 /* DetailViewController.swift in Sources */ = {isa = PBXBuildFile; fileRef = C7F0B97A210DACCB005A8FE2 /* DetailViewController.swift */; };
		C7F0B97E210DACCB005A8FE2 /* Main.storyboard in Resources */ = {isa = PBXBuildFile; fileRef = C7F0B97C210DACCB005A8FE2 /* Main.storyboard */; };
		C7F0B980210DACCF005A8FE2 /* Assets.xcassets in Resources */ = {isa = PBXBuildFile; fileRef = C7F0B97F210DACCF005A8FE2 /* Assets.xcassets */; };
		C7F0B983210DACCF005A8FE2 /* LaunchScreen.storyboard in Resources */ = {isa = PBXBuildFile; fileRef = C7F0B981210DACCF005A8FE2 /* LaunchScreen.storyboard */; };
		C7F0B98E210DACCF005A8FE2 /* SCETests.swift in Sources */ = {isa = PBXBuildFile; fileRef = C7F0B98D210DACCF005A8FE2 /* SCETests.swift */; };
		C7F0B99F2112945D005A8FE2 /* AppDelegate.swift in Sources */ = {isa = PBXBuildFile; fileRef = C7F0B99E2112945D005A8FE2 /* AppDelegate.swift */; };
		C7F0B9A32112945D005A8FE2 /* Document.swift in Sources */ = {isa = PBXBuildFile; fileRef = C7F0B9A22112945D005A8FE2 /* Document.swift */; };
		C7F0B9A52112945F005A8FE2 /* Assets.xcassets in Resources */ = {isa = PBXBuildFile; fileRef = C7F0B9A42112945F005A8FE2 /* Assets.xcassets */; };
		C7F0B9A82112945F005A8FE2 /* Main.storyboard in Resources */ = {isa = PBXBuildFile; fileRef = C7F0B9A62112945F005A8FE2 /* Main.storyboard */; settings = {ASSET_TAGS = (EditWindow, ); }; };
		C7F0B9B42112945F005A8FE2 /* SCE_MacTests.swift in Sources */ = {isa = PBXBuildFile; fileRef = C7F0B9B32112945F005A8FE2 /* SCE_MacTests.swift */; };
		C7F0B9BE2112C3CA005A8FE2 /* SolidityLexer.swift in Sources */ = {isa = PBXBuildFile; fileRef = C7F0B9BD2112C3CA005A8FE2 /* SolidityLexer.swift */; };
		C7F0B9BF2112C3CA005A8FE2 /* SolidityLexer.swift in Sources */ = {isa = PBXBuildFile; fileRef = C7F0B9BD2112C3CA005A8FE2 /* SolidityLexer.swift */; };
		C7F0B9C22113CF7E005A8FE2 /* SplitViewController.swift in Sources */ = {isa = PBXBuildFile; fileRef = C7F0B9C12113CF7E005A8FE2 /* SplitViewController.swift */; };
		C7F0B9C42113D48A005A8FE2 /* SplitViewController+SyntaxTextViewDelegate.swift in Sources */ = {isa = PBXBuildFile; fileRef = C7F0B9C32113D48A005A8FE2 /* SplitViewController+SyntaxTextViewDelegate.swift */; };
		C7F0B9C62113EA39005A8FE2 /* ScriptTask.swift in Sources */ = {isa = PBXBuildFile; fileRef = C7F0B9C52113EA39005A8FE2 /* ScriptTask.swift */; };
/* End PBXBuildFile section */

/* Begin PBXContainerItemProxy section */
		C7F0B98A210DACCF005A8FE2 /* PBXContainerItemProxy */ = {
			isa = PBXContainerItemProxy;
			containerPortal = C7F0B96B210DACCB005A8FE2 /* Project object */;
			proxyType = 1;
			remoteGlobalIDString = C7F0B972210DACCB005A8FE2;
			remoteInfo = SCE;
		};
		C7F0B9B02112945F005A8FE2 /* PBXContainerItemProxy */ = {
			isa = PBXContainerItemProxy;
			containerPortal = C7F0B96B210DACCB005A8FE2 /* Project object */;
			proxyType = 1;
			remoteGlobalIDString = C7F0B99B2112945C005A8FE2;
			remoteInfo = "SCE-Mac";
		};
/* End PBXContainerItemProxy section */

/* Begin PBXFileReference section */
		029102825FA6C2A4FF42EDA2 /* Pods-SCE-MacTests.release.xcconfig */ = {isa = PBXFileReference; includeInIndex = 1; lastKnownFileType = text.xcconfig; name = "Pods-SCE-MacTests.release.xcconfig"; path = "Pods/Target Support Files/Pods-SCE-MacTests/Pods-SCE-MacTests.release.xcconfig"; sourceTree = "<group>"; };
		0D3D7EF76F7CE201078766A9 /* Pods-SCE-MacTests.debug.xcconfig */ = {isa = PBXFileReference; includeInIndex = 1; lastKnownFileType = text.xcconfig; name = "Pods-SCE-MacTests.debug.xcconfig"; path = "Pods/Target Support Files/Pods-SCE-MacTests/Pods-SCE-MacTests.debug.xcconfig"; sourceTree = "<group>"; };
		1733C8FEF8A42DFEA995AC5E /* Pods-SCE.debug.xcconfig */ = {isa = PBXFileReference; includeInIndex = 1; lastKnownFileType = text.xcconfig; name = "Pods-SCE.debug.xcconfig"; path = "Pods/Target Support Files/Pods-SCE/Pods-SCE.debug.xcconfig"; sourceTree = "<group>"; };
		2391A3F05FDCF39259FAF2F6 /* Pods-SCETests.release.xcconfig */ = {isa = PBXFileReference; includeInIndex = 1; lastKnownFileType = text.xcconfig; name = "Pods-SCETests.release.xcconfig"; path = "Pods/Target Support Files/Pods-SCETests/Pods-SCETests.release.xcconfig"; sourceTree = "<group>"; };
		294898E9D046C12D6CD260F5 /* Pods-SCE-Mac.release.xcconfig */ = {isa = PBXFileReference; includeInIndex = 1; lastKnownFileType = text.xcconfig; name = "Pods-SCE-Mac.release.xcconfig"; path = "Pods/Target Support Files/Pods-SCE-Mac/Pods-SCE-Mac.release.xcconfig"; sourceTree = "<group>"; };
		3B4FA972095B5D6274482826 /* Pods_SCE_MacTests.framework */ = {isa = PBXFileReference; explicitFileType = wrapper.framework; includeInIndex = 0; path = Pods_SCE_MacTests.framework; sourceTree = BUILT_PRODUCTS_DIR; };
		54A43741EBE055AC47EB4EA9 /* Pods_SCETests.framework */ = {isa = PBXFileReference; explicitFileType = wrapper.framework; includeInIndex = 0; path = Pods_SCETests.framework; sourceTree = BUILT_PRODUCTS_DIR; };
		76DAF4D440B83CBE32C049B1 /* Pods_SCE.framework */ = {isa = PBXFileReference; explicitFileType = wrapper.framework; includeInIndex = 0; path = Pods_SCE.framework; sourceTree = BUILT_PRODUCTS_DIR; };
		A57AC0A470301A863C8CA09A /* Pods-SCE-Mac.debug.xcconfig */ = {isa = PBXFileReference; includeInIndex = 1; lastKnownFileType = text.xcconfig; name = "Pods-SCE-Mac.debug.xcconfig"; path = "Pods/Target Support Files/Pods-SCE-Mac/Pods-SCE-Mac.debug.xcconfig"; sourceTree = "<group>"; };
		BB9A6A475886FA02C9611640 /* Pods_SCE_Mac.framework */ = {isa = PBXFileReference; explicitFileType = wrapper.framework; includeInIndex = 0; path = Pods_SCE_Mac.framework; sourceTree = BUILT_PRODUCTS_DIR; };
		C7E76436211EC16300867DA4 /* EditWindowController.swift */ = {isa = PBXFileReference; lastKnownFileType = sourcecode.swift; path = EditWindowController.swift; sourceTree = "<group>"; };
		C7E7643921214D4600867DA4 /* ChooseTemplateViewController.swift */ = {isa = PBXFileReference; lastKnownFileType = sourcecode.swift; path = ChooseTemplateViewController.swift; sourceTree = "<group>"; };
		C7E7643D2122A2CF00867DA4 /* TemplateCollectionViewItem.swift */ = {isa = PBXFileReference; lastKnownFileType = sourcecode.swift; path = TemplateCollectionViewItem.swift; sourceTree = "<group>"; };
		C7E7643E2122A2CF00867DA4 /* TemplateCollectionViewItem.xib */ = {isa = PBXFileReference; lastKnownFileType = file.xib; path = TemplateCollectionViewItem.xib; sourceTree = "<group>"; };
		C7E764412122AC2100867DA4 /* ContractTemplate.swift */ = {isa = PBXFileReference; lastKnownFileType = sourcecode.swift; path = ContractTemplate.swift; sourceTree = "<group>"; };
		C7E764432122B0CA00867DA4 /* Templates.json */ = {isa = PBXFileReference; lastKnownFileType = text.json; path = Templates.json; sourceTree = "<group>"; };
		C7E764452123539100867DA4 /* Template.storyboard */ = {isa = PBXFileReference; lastKnownFileType = file.storyboard; path = Template.storyboard; sourceTree = "<group>"; };
		C7E76447212358A900867DA4 /* PreparingViewController.swift */ = {isa = PBXFileReference; lastKnownFileType = sourcecode.swift; path = PreparingViewController.swift; sourceTree = "<group>"; };
		C7E764492124DCE100867DA4 /* TruffleInit */ = {isa = PBXFileReference; lastKnownFileType = text.script.sh; path = TruffleInit; sourceTree = "<group>"; };
		C7E7644B2124E06700867DA4 /* EmbarkInit */ = {isa = PBXFileReference; lastKnownFileType = text; path = EmbarkInit; sourceTree = "<group>"; };
		C7E7644D2124E0EB00867DA4 /* TruffleTemplate.sol */ = {isa = PBXFileReference; lastKnownFileType = text; path = TruffleTemplate.sol; sourceTree = "<group>"; };
		C7E7644F2124E10600867DA4 /* EmbarkTemplate.sol */ = {isa = PBXFileReference; lastKnownFileType = text; path = EmbarkTemplate.sol; sourceTree = "<group>"; };
		C7E764522124FA1300867DA4 /* Setup */ = {isa = PBXFileReference; lastKnownFileType = text; path = Setup; sourceTree = "<group>"; };
		C7E764542125322700867DA4 /* TutorialToken */ = {isa = PBXFileReference; lastKnownFileType = text; path = TutorialToken; sourceTree = "<group>"; };
		C7E764562125E8C000867DA4 /* listdir.command */ = {isa = PBXFileReference; lastKnownFileType = text; path = listdir.command; sourceTree = "<group>"; };
		C7E76458212610DA00867DA4 /* TruffleInit.command */ = {isa = PBXFileReference; lastKnownFileType = text; path = TruffleInit.command; sourceTree = "<group>"; };
		C7E7645A21262D1800867DA4 /* Project.swift */ = {isa = PBXFileReference; lastKnownFileType = sourcecode.swift; path = Project.swift; sourceTree = "<group>"; };
		C7E7645C212675AF00867DA4 /* Error.swift */ = {isa = PBXFileReference; lastKnownFileType = sourcecode.swift; path = Error.swift; sourceTree = "<group>"; };
		C7F0B973210DACCB005A8FE2 /* SCE.app */ = {isa = PBXFileReference; explicitFileType = wrapper.application; includeInIndex = 0; path = SCE.app; sourceTree = BUILT_PRODUCTS_DIR; };
		C7F0B976210DACCB005A8FE2 /* AppDelegate.swift */ = {isa = PBXFileReference; lastKnownFileType = sourcecode.swift; path = AppDelegate.swift; sourceTree = "<group>"; };
		C7F0B978210DACCB005A8FE2 /* MasterViewController.swift */ = {isa = PBXFileReference; lastKnownFileType = sourcecode.swift; path = MasterViewController.swift; sourceTree = "<group>"; };
		C7F0B97A210DACCB005A8FE2 /* DetailViewController.swift */ = {isa = PBXFileReference; lastKnownFileType = sourcecode.swift; path = DetailViewController.swift; sourceTree = "<group>"; };
		C7F0B97D210DACCB005A8FE2 /* Base */ = {isa = PBXFileReference; lastKnownFileType = file.storyboard; name = Base; path = Base.lproj/Main.storyboard; sourceTree = "<group>"; };
		C7F0B97F210DACCF005A8FE2 /* Assets.xcassets */ = {isa = PBXFileReference; lastKnownFileType = folder.assetcatalog; path = Assets.xcassets; sourceTree = "<group>"; };
		C7F0B982210DACCF005A8FE2 /* Base */ = {isa = PBXFileReference; lastKnownFileType = file.storyboard; name = Base; path = Base.lproj/LaunchScreen.storyboard; sourceTree = "<group>"; };
		C7F0B984210DACCF005A8FE2 /* Info.plist */ = {isa = PBXFileReference; lastKnownFileType = text.plist.xml; path = Info.plist; sourceTree = "<group>"; };
		C7F0B989210DACCF005A8FE2 /* SCETests.xctest */ = {isa = PBXFileReference; explicitFileType = wrapper.cfbundle; includeInIndex = 0; path = SCETests.xctest; sourceTree = BUILT_PRODUCTS_DIR; };
		C7F0B98D210DACCF005A8FE2 /* SCETests.swift */ = {isa = PBXFileReference; lastKnownFileType = sourcecode.swift; path = SCETests.swift; sourceTree = "<group>"; };
		C7F0B98F210DACCF005A8FE2 /* Info.plist */ = {isa = PBXFileReference; lastKnownFileType = text.plist.xml; path = Info.plist; sourceTree = "<group>"; };
		C7F0B99C2112945C005A8FE2 /* SCE-Mac.app */ = {isa = PBXFileReference; explicitFileType = wrapper.application; includeInIndex = 0; path = "SCE-Mac.app"; sourceTree = BUILT_PRODUCTS_DIR; };
		C7F0B99E2112945D005A8FE2 /* AppDelegate.swift */ = {isa = PBXFileReference; lastKnownFileType = sourcecode.swift; path = AppDelegate.swift; sourceTree = "<group>"; };
		C7F0B9A22112945D005A8FE2 /* Document.swift */ = {isa = PBXFileReference; lastKnownFileType = sourcecode.swift; path = Document.swift; sourceTree = "<group>"; };
		C7F0B9A42112945F005A8FE2 /* Assets.xcassets */ = {isa = PBXFileReference; lastKnownFileType = folder.assetcatalog; path = Assets.xcassets; sourceTree = "<group>"; };
		C7F0B9A72112945F005A8FE2 /* Base */ = {isa = PBXFileReference; lastKnownFileType = file.storyboard; name = Base; path = Base.lproj/Main.storyboard; sourceTree = "<group>"; };
		C7F0B9A92112945F005A8FE2 /* Info.plist */ = {isa = PBXFileReference; lastKnownFileType = text.plist.xml; path = Info.plist; sourceTree = "<group>"; };
		C7F0B9AA2112945F005A8FE2 /* SCE_Mac.entitlements */ = {isa = PBXFileReference; lastKnownFileType = text.plist.entitlements; path = SCE_Mac.entitlements; sourceTree = "<group>"; };
		C7F0B9AF2112945F005A8FE2 /* SCE-MacTests.xctest */ = {isa = PBXFileReference; explicitFileType = wrapper.cfbundle; includeInIndex = 0; path = "SCE-MacTests.xctest"; sourceTree = BUILT_PRODUCTS_DIR; };
		C7F0B9B32112945F005A8FE2 /* SCE_MacTests.swift */ = {isa = PBXFileReference; lastKnownFileType = sourcecode.swift; path = SCE_MacTests.swift; sourceTree = "<group>"; };
		C7F0B9B52112945F005A8FE2 /* Info.plist */ = {isa = PBXFileReference; lastKnownFileType = text.plist.xml; path = Info.plist; sourceTree = "<group>"; };
		C7F0B9BD2112C3CA005A8FE2 /* SolidityLexer.swift */ = {isa = PBXFileReference; lastKnownFileType = sourcecode.swift; path = SolidityLexer.swift; sourceTree = "<group>"; };
		C7F0B9C12113CF7E005A8FE2 /* SplitViewController.swift */ = {isa = PBXFileReference; lastKnownFileType = sourcecode.swift; path = SplitViewController.swift; sourceTree = "<group>"; };
		C7F0B9C32113D48A005A8FE2 /* SplitViewController+SyntaxTextViewDelegate.swift */ = {isa = PBXFileReference; lastKnownFileType = sourcecode.swift; path = "SplitViewController+SyntaxTextViewDelegate.swift"; sourceTree = "<group>"; };
		C7F0B9C52113EA39005A8FE2 /* ScriptTask.swift */ = {isa = PBXFileReference; lastKnownFileType = sourcecode.swift; path = ScriptTask.swift; sourceTree = "<group>"; };
		D54B663B8628E464C0601987 /* Pods-SCE.release.xcconfig */ = {isa = PBXFileReference; includeInIndex = 1; lastKnownFileType = text.xcconfig; name = "Pods-SCE.release.xcconfig"; path = "Pods/Target Support Files/Pods-SCE/Pods-SCE.release.xcconfig"; sourceTree = "<group>"; };
		F1EDF41DDA83A1CD67607617 /* Pods-SCETests.debug.xcconfig */ = {isa = PBXFileReference; includeInIndex = 1; lastKnownFileType = text.xcconfig; name = "Pods-SCETests.debug.xcconfig"; path = "Pods/Target Support Files/Pods-SCETests/Pods-SCETests.debug.xcconfig"; sourceTree = "<group>"; };
/* End PBXFileReference section */

/* Begin PBXFrameworksBuildPhase section */
		C7F0B970210DACCB005A8FE2 /* Frameworks */ = {
			isa = PBXFrameworksBuildPhase;
			buildActionMask = 2147483647;
			files = (
				7B3ECACB527BFD91BBF584F0 /* Pods_SCE.framework in Frameworks */,
			);
			runOnlyForDeploymentPostprocessing = 0;
		};
		C7F0B986210DACCF005A8FE2 /* Frameworks */ = {
			isa = PBXFrameworksBuildPhase;
			buildActionMask = 2147483647;
			files = (
				297FB7EDAA27A965DFA16022 /* Pods_SCETests.framework in Frameworks */,
			);
			runOnlyForDeploymentPostprocessing = 0;
		};
		C7F0B9992112945C005A8FE2 /* Frameworks */ = {
			isa = PBXFrameworksBuildPhase;
			buildActionMask = 2147483647;
			files = (
				209F57B1084BBFB40431A7B6 /* Pods_SCE_Mac.framework in Frameworks */,
			);
			runOnlyForDeploymentPostprocessing = 0;
		};
		C7F0B9AC2112945F005A8FE2 /* Frameworks */ = {
			isa = PBXFrameworksBuildPhase;
			buildActionMask = 2147483647;
			files = (
				6F1A3BDD2371DB2730951110 /* Pods_SCE_MacTests.framework in Frameworks */,
			);
			runOnlyForDeploymentPostprocessing = 0;
		};
/* End PBXFrameworksBuildPhase section */

/* Begin PBXGroup section */
		07060FC0C4987B17C2D54EC8 /* Frameworks */ = {
			isa = PBXGroup;
			children = (
				76DAF4D440B83CBE32C049B1 /* Pods_SCE.framework */,
				BB9A6A475886FA02C9611640 /* Pods_SCE_Mac.framework */,
				3B4FA972095B5D6274482826 /* Pods_SCE_MacTests.framework */,
				54A43741EBE055AC47EB4EA9 /* Pods_SCETests.framework */,
			);
			name = Frameworks;
			sourceTree = "<group>";
		};
		6D6A5A13038D0C7F42C4CBE3 /* Pods */ = {
			isa = PBXGroup;
			children = (
				1733C8FEF8A42DFEA995AC5E /* Pods-SCE.debug.xcconfig */,
				D54B663B8628E464C0601987 /* Pods-SCE.release.xcconfig */,
				A57AC0A470301A863C8CA09A /* Pods-SCE-Mac.debug.xcconfig */,
				294898E9D046C12D6CD260F5 /* Pods-SCE-Mac.release.xcconfig */,
				0D3D7EF76F7CE201078766A9 /* Pods-SCE-MacTests.debug.xcconfig */,
				029102825FA6C2A4FF42EDA2 /* Pods-SCE-MacTests.release.xcconfig */,
				F1EDF41DDA83A1CD67607617 /* Pods-SCETests.debug.xcconfig */,
				2391A3F05FDCF39259FAF2F6 /* Pods-SCETests.release.xcconfig */,
			);
			name = Pods;
			sourceTree = "<group>";
		};
		C7E7643821214D1700867DA4 /* Choose Template */ = {
			isa = PBXGroup;
			children = (
				C7E7643921214D4600867DA4 /* ChooseTemplateViewController.swift */,
				C7E7643D2122A2CF00867DA4 /* TemplateCollectionViewItem.swift */,
				C7E76447212358A900867DA4 /* PreparingViewController.swift */,
				C7E7643E2122A2CF00867DA4 /* TemplateCollectionViewItem.xib */,
				C7E764412122AC2100867DA4 /* ContractTemplate.swift */,
				C7E764432122B0CA00867DA4 /* Templates.json */,
				C7E764452123539100867DA4 /* Template.storyboard */,
				C7E764562125E8C000867DA4 /* listdir.command */,
				C7E76458212610DA00867DA4 /* TruffleInit.command */,
				C7E764492124DCE100867DA4 /* TruffleInit */,
				C7E7644B2124E06700867DA4 /* EmbarkInit */,
				C7E764542125322700867DA4 /* TutorialToken */,
				C7E7644D2124E0EB00867DA4 /* TruffleTemplate.sol */,
				C7E7644F2124E10600867DA4 /* EmbarkTemplate.sol */,
			);
			path = "Choose Template";
			sourceTree = "<group>";
		};
		C7E764512124FA0200867DA4 /* Setup */ = {
			isa = PBXGroup;
			children = (
				C7E764522124FA1300867DA4 /* Setup */,
			);
			path = Setup;
			sourceTree = "<group>";
		};
		C7F0B96A210DACCB005A8FE2 = {
			isa = PBXGroup;
			children = (
				C7F0B9BC2112C380005A8FE2 /* Common */,
				C7F0B975210DACCB005A8FE2 /* SCE */,
				C7F0B98C210DACCF005A8FE2 /* SCETests */,
				C7F0B99D2112945D005A8FE2 /* SCE-Mac */,
				C7F0B9B22112945F005A8FE2 /* SCE-MacTests */,
				C7F0B974210DACCB005A8FE2 /* Products */,
				6D6A5A13038D0C7F42C4CBE3 /* Pods */,
				07060FC0C4987B17C2D54EC8 /* Frameworks */,
			);
			sourceTree = "<group>";
		};
		C7F0B974210DACCB005A8FE2 /* Products */ = {
			isa = PBXGroup;
			children = (
				C7F0B973210DACCB005A8FE2 /* SCE.app */,
				C7F0B989210DACCF005A8FE2 /* SCETests.xctest */,
				C7F0B99C2112945C005A8FE2 /* SCE-Mac.app */,
				C7F0B9AF2112945F005A8FE2 /* SCE-MacTests.xctest */,
			);
			name = Products;
			sourceTree = "<group>";
		};
		C7F0B975210DACCB005A8FE2 /* SCE */ = {
			isa = PBXGroup;
			children = (
				C7F0B976210DACCB005A8FE2 /* AppDelegate.swift */,
				C7F0B978210DACCB005A8FE2 /* MasterViewController.swift */,
				C7F0B97A210DACCB005A8FE2 /* DetailViewController.swift */,
				C7F0B97C210DACCB005A8FE2 /* Main.storyboard */,
				C7F0B97F210DACCF005A8FE2 /* Assets.xcassets */,
				C7F0B981210DACCF005A8FE2 /* LaunchScreen.storyboard */,
				C7F0B984210DACCF005A8FE2 /* Info.plist */,
			);
			path = SCE;
			sourceTree = "<group>";
		};
		C7F0B98C210DACCF005A8FE2 /* SCETests */ = {
			isa = PBXGroup;
			children = (
				C7F0B98D210DACCF005A8FE2 /* SCETests.swift */,
				C7F0B98F210DACCF005A8FE2 /* Info.plist */,
			);
			path = SCETests;
			sourceTree = "<group>";
		};
		C7F0B99D2112945D005A8FE2 /* SCE-Mac */ = {
			isa = PBXGroup;
			children = (
				C7E764512124FA0200867DA4 /* Setup */,
				C7E7643821214D1700867DA4 /* Choose Template */,
				C7F0B9C02113CF53005A8FE2 /* Edit Window */,
				C7F0B99E2112945D005A8FE2 /* AppDelegate.swift */,
				C7E7645A21262D1800867DA4 /* Project.swift */,
				C7F0B9A22112945D005A8FE2 /* Document.swift */,
				C7F0B9C52113EA39005A8FE2 /* ScriptTask.swift */,
				C7E7645C212675AF00867DA4 /* Error.swift */,
				C7F0B9A42112945F005A8FE2 /* Assets.xcassets */,
				C7F0B9A62112945F005A8FE2 /* Main.storyboard */,
				C7F0B9A92112945F005A8FE2 /* Info.plist */,
				C7F0B9AA2112945F005A8FE2 /* SCE_Mac.entitlements */,
			);
			path = "SCE-Mac";
			sourceTree = "<group>";
		};
		C7F0B9B22112945F005A8FE2 /* SCE-MacTests */ = {
			isa = PBXGroup;
			children = (
				C7F0B9B32112945F005A8FE2 /* SCE_MacTests.swift */,
				C7F0B9B52112945F005A8FE2 /* Info.plist */,
			);
			path = "SCE-MacTests";
			sourceTree = "<group>";
		};
		C7F0B9BC2112C380005A8FE2 /* Common */ = {
			isa = PBXGroup;
			children = (
				C7F0B9BD2112C3CA005A8FE2 /* SolidityLexer.swift */,
			);
			path = Common;
			sourceTree = "<group>";
		};
		C7F0B9C02113CF53005A8FE2 /* Edit Window */ = {
			isa = PBXGroup;
			children = (
				C7E76436211EC16300867DA4 /* EditWindowController.swift */,
				C7F0B9C12113CF7E005A8FE2 /* SplitViewController.swift */,
				C7F0B9C32113D48A005A8FE2 /* SplitViewController+SyntaxTextViewDelegate.swift */,
			);
			path = "Edit Window";
			sourceTree = "<group>";
		};
/* End PBXGroup section */

/* Begin PBXNativeTarget section */
		C7F0B972210DACCB005A8FE2 /* SCE */ = {
			isa = PBXNativeTarget;
			buildConfigurationList = C7F0B992210DACCF005A8FE2 /* Build configuration list for PBXNativeTarget "SCE" */;
			buildPhases = (
				2B8C4A8953984DF80F31BBE6 /* [CP] Check Pods Manifest.lock */,
				C7F0B96F210DACCB005A8FE2 /* Sources */,
				C7F0B970210DACCB005A8FE2 /* Frameworks */,
				C7F0B971210DACCB005A8FE2 /* Resources */,
				2A58CD53C66EDC2E07D439C5 /* [CP] Embed Pods Frameworks */,
			);
			buildRules = (
			);
			dependencies = (
			);
			name = SCE;
			productName = SCE;
			productReference = C7F0B973210DACCB005A8FE2 /* SCE.app */;
			productType = "com.apple.product-type.application";
		};
		C7F0B988210DACCF005A8FE2 /* SCETests */ = {
			isa = PBXNativeTarget;
			buildConfigurationList = C7F0B995210DACCF005A8FE2 /* Build configuration list for PBXNativeTarget "SCETests" */;
			buildPhases = (
				EE9037A406E4FAE4E438B9FA /* [CP] Check Pods Manifest.lock */,
				C7F0B985210DACCF005A8FE2 /* Sources */,
				C7F0B986210DACCF005A8FE2 /* Frameworks */,
				C7F0B987210DACCF005A8FE2 /* Resources */,
			);
			buildRules = (
			);
			dependencies = (
				C7F0B98B210DACCF005A8FE2 /* PBXTargetDependency */,
			);
			name = SCETests;
			productName = SCETests;
			productReference = C7F0B989210DACCF005A8FE2 /* SCETests.xctest */;
			productType = "com.apple.product-type.bundle.unit-test";
		};
		C7F0B99B2112945C005A8FE2 /* SCE-Mac */ = {
			isa = PBXNativeTarget;
			buildConfigurationList = C7F0B9B62112945F005A8FE2 /* Build configuration list for PBXNativeTarget "SCE-Mac" */;
			buildPhases = (
				957588822D883CDCEFC461CF /* [CP] Check Pods Manifest.lock */,
				C7F0B9982112945C005A8FE2 /* Sources */,
				C7F0B9992112945C005A8FE2 /* Frameworks */,
				C7F0B99A2112945C005A8FE2 /* Resources */,
				3F5A2705ABE22BB83EF3F29E /* [CP] Embed Pods Frameworks */,
			);
			buildRules = (
			);
			dependencies = (
			);
			name = "SCE-Mac";
			productName = "SCE-Mac";
			productReference = C7F0B99C2112945C005A8FE2 /* SCE-Mac.app */;
			productType = "com.apple.product-type.application";
		};
		C7F0B9AE2112945F005A8FE2 /* SCE-MacTests */ = {
			isa = PBXNativeTarget;
			buildConfigurationList = C7F0B9B92112945F005A8FE2 /* Build configuration list for PBXNativeTarget "SCE-MacTests" */;
			buildPhases = (
				86BE3E6C816CAD49DAA91FFC /* [CP] Check Pods Manifest.lock */,
				C7F0B9AB2112945F005A8FE2 /* Sources */,
				C7F0B9AC2112945F005A8FE2 /* Frameworks */,
				C7F0B9AD2112945F005A8FE2 /* Resources */,
			);
			buildRules = (
			);
			dependencies = (
				C7F0B9B12112945F005A8FE2 /* PBXTargetDependency */,
			);
			name = "SCE-MacTests";
			productName = "SCE-MacTests";
			productReference = C7F0B9AF2112945F005A8FE2 /* SCE-MacTests.xctest */;
			productType = "com.apple.product-type.bundle.unit-test";
		};
/* End PBXNativeTarget section */

/* Begin PBXProject section */
		C7F0B96B210DACCB005A8FE2 /* Project object */ = {
			isa = PBXProject;
			attributes = {
				KnownAssetTags = (
					EditWindow,
				);
				LastSwiftUpdateCheck = 0940;
				LastUpgradeCheck = 0940;
				ORGANIZATIONNAME = "A Puzzle A Day";
				TargetAttributes = {
					C7F0B972210DACCB005A8FE2 = {
						CreatedOnToolsVersion = 9.4.1;
					};
					C7F0B988210DACCF005A8FE2 = {
						CreatedOnToolsVersion = 9.4.1;
						TestTargetID = C7F0B972210DACCB005A8FE2;
					};
					C7F0B99B2112945C005A8FE2 = {
						CreatedOnToolsVersion = 9.4.1;
						SystemCapabilities = {
							com.apple.Sandbox = {
								enabled = 0;
							};
						};
					};
					C7F0B9AE2112945F005A8FE2 = {
						CreatedOnToolsVersion = 9.4.1;
						TestTargetID = C7F0B99B2112945C005A8FE2;
					};
				};
			};
			buildConfigurationList = C7F0B96E210DACCB005A8FE2 /* Build configuration list for PBXProject "SCE" */;
			compatibilityVersion = "Xcode 9.3";
			developmentRegion = en;
			hasScannedForEncodings = 0;
			knownRegions = (
				en,
				Base,
			);
			mainGroup = C7F0B96A210DACCB005A8FE2;
			productRefGroup = C7F0B974210DACCB005A8FE2 /* Products */;
			projectDirPath = "";
			projectRoot = "";
			targets = (
				C7F0B972210DACCB005A8FE2 /* SCE */,
				C7F0B988210DACCF005A8FE2 /* SCETests */,
				C7F0B99B2112945C005A8FE2 /* SCE-Mac */,
				C7F0B9AE2112945F005A8FE2 /* SCE-MacTests */,
			);
		};
/* End PBXProject section */

/* Begin PBXResourcesBuildPhase section */
		C7F0B971210DACCB005A8FE2 /* Resources */ = {
			isa = PBXResourcesBuildPhase;
			buildActionMask = 2147483647;
			files = (
				C7F0B983210DACCF005A8FE2 /* LaunchScreen.storyboard in Resources */,
				C7F0B980210DACCF005A8FE2 /* Assets.xcassets in Resources */,
				C7F0B97E210DACCB005A8FE2 /* Main.storyboard in Resources */,
			);
			runOnlyForDeploymentPostprocessing = 0;
		};
		C7F0B987210DACCF005A8FE2 /* Resources */ = {
			isa = PBXResourcesBuildPhase;
			buildActionMask = 2147483647;
			files = (
			);
			runOnlyForDeploymentPostprocessing = 0;
		};
		C7F0B99A2112945C005A8FE2 /* Resources */ = {
			isa = PBXResourcesBuildPhase;
			buildActionMask = 2147483647;
			files = (
				C7E764502124E10600867DA4 /* EmbarkTemplate.sol in Resources */,
				C7E764402122A2CF00867DA4 /* TemplateCollectionViewItem.xib in Resources */,
				C7E764442122B0CA00867DA4 /* Templates.json in Resources */,
				C7E764572125E8C000867DA4 /* listdir.command in Resources */,
				C7E764462123539100867DA4 /* Template.storyboard in Resources */,
				C7E7644E2124E0EB00867DA4 /* TruffleTemplate.sol in Resources */,
				C7E76459212610DA00867DA4 /* TruffleInit.command in Resources */,
				C7F0B9A52112945F005A8FE2 /* Assets.xcassets in Resources */,
				C7E7644C2124E06700867DA4 /* EmbarkInit in Resources */,
				C7F0B9A82112945F005A8FE2 /* Main.storyboard in Resources */,
				C7E764552125322700867DA4 /* TutorialToken in Resources */,
				C7E764532124FA1300867DA4 /* Setup in Resources */,
				C7E7644A2124DCE100867DA4 /* TruffleInit in Resources */,
			);
			runOnlyForDeploymentPostprocessing = 0;
		};
		C7F0B9AD2112945F005A8FE2 /* Resources */ = {
			isa = PBXResourcesBuildPhase;
			buildActionMask = 2147483647;
			files = (
			);
			runOnlyForDeploymentPostprocessing = 0;
		};
/* End PBXResourcesBuildPhase section */

/* Begin PBXShellScriptBuildPhase section */
		2A58CD53C66EDC2E07D439C5 /* [CP] Embed Pods Frameworks */ = {
			isa = PBXShellScriptBuildPhase;
			buildActionMask = 2147483647;
			files = (
			);
			inputPaths = (
				"${SRCROOT}/Pods/Target Support Files/Pods-SCE/Pods-SCE-frameworks.sh",
				"${BUILT_PRODUCTS_DIR}/SavannaKit-iOS/SavannaKit.framework",
				"${BUILT_PRODUCTS_DIR}/SourceEditor-iOS/SourceEditor.framework",
			);
			name = "[CP] Embed Pods Frameworks";
			outputPaths = (
				"${TARGET_BUILD_DIR}/${FRAMEWORKS_FOLDER_PATH}/SavannaKit.framework",
				"${TARGET_BUILD_DIR}/${FRAMEWORKS_FOLDER_PATH}/SourceEditor.framework",
			);
			runOnlyForDeploymentPostprocessing = 0;
			shellPath = /bin/sh;
			shellScript = "\"${SRCROOT}/Pods/Target Support Files/Pods-SCE/Pods-SCE-frameworks.sh\"\n";
			showEnvVarsInLog = 0;
		};
		2B8C4A8953984DF80F31BBE6 /* [CP] Check Pods Manifest.lock */ = {
			isa = PBXShellScriptBuildPhase;
			buildActionMask = 2147483647;
			files = (
			);
			inputPaths = (
				"${PODS_PODFILE_DIR_PATH}/Podfile.lock",
				"${PODS_ROOT}/Manifest.lock",
			);
			name = "[CP] Check Pods Manifest.lock";
			outputPaths = (
				"$(DERIVED_FILE_DIR)/Pods-SCE-checkManifestLockResult.txt",
			);
			runOnlyForDeploymentPostprocessing = 0;
			shellPath = /bin/sh;
			shellScript = "diff \"${PODS_PODFILE_DIR_PATH}/Podfile.lock\" \"${PODS_ROOT}/Manifest.lock\" > /dev/null\nif [ $? != 0 ] ; then\n    # print error to STDERR\n    echo \"error: The sandbox is not in sync with the Podfile.lock. Run 'pod install' or update your CocoaPods installation.\" >&2\n    exit 1\nfi\n# This output is used by Xcode 'outputs' to avoid re-running this script phase.\necho \"SUCCESS\" > \"${SCRIPT_OUTPUT_FILE_0}\"\n";
			showEnvVarsInLog = 0;
		};
		3F5A2705ABE22BB83EF3F29E /* [CP] Embed Pods Frameworks */ = {
			isa = PBXShellScriptBuildPhase;
			buildActionMask = 2147483647;
			files = (
			);
			inputPaths = (
				"${SRCROOT}/Pods/Target Support Files/Pods-SCE-Mac/Pods-SCE-Mac-frameworks.sh",
				"${BUILT_PRODUCTS_DIR}/SavannaKit-macOS/SavannaKit.framework",
				"${BUILT_PRODUCTS_DIR}/SourceEditor-macOS/SourceEditor.framework",
			);
			name = "[CP] Embed Pods Frameworks";
			outputPaths = (
				"${TARGET_BUILD_DIR}/${FRAMEWORKS_FOLDER_PATH}/SavannaKit.framework",
				"${TARGET_BUILD_DIR}/${FRAMEWORKS_FOLDER_PATH}/SourceEditor.framework",
			);
			runOnlyForDeploymentPostprocessing = 0;
			shellPath = /bin/sh;
			shellScript = "\"${SRCROOT}/Pods/Target Support Files/Pods-SCE-Mac/Pods-SCE-Mac-frameworks.sh\"\n";
			showEnvVarsInLog = 0;
		};
		86BE3E6C816CAD49DAA91FFC /* [CP] Check Pods Manifest.lock */ = {
			isa = PBXShellScriptBuildPhase;
			buildActionMask = 2147483647;
			files = (
			);
			inputPaths = (
				"${PODS_PODFILE_DIR_PATH}/Podfile.lock",
				"${PODS_ROOT}/Manifest.lock",
			);
			name = "[CP] Check Pods Manifest.lock";
			outputPaths = (
				"$(DERIVED_FILE_DIR)/Pods-SCE-MacTests-checkManifestLockResult.txt",
			);
			runOnlyForDeploymentPostprocessing = 0;
			shellPath = /bin/sh;
			shellScript = "diff \"${PODS_PODFILE_DIR_PATH}/Podfile.lock\" \"${PODS_ROOT}/Manifest.lock\" > /dev/null\nif [ $? != 0 ] ; then\n    # print error to STDERR\n    echo \"error: The sandbox is not in sync with the Podfile.lock. Run 'pod install' or update your CocoaPods installation.\" >&2\n    exit 1\nfi\n# This output is used by Xcode 'outputs' to avoid re-running this script phase.\necho \"SUCCESS\" > \"${SCRIPT_OUTPUT_FILE_0}\"\n";
			showEnvVarsInLog = 0;
		};
		957588822D883CDCEFC461CF /* [CP] Check Pods Manifest.lock */ = {
			isa = PBXShellScriptBuildPhase;
			buildActionMask = 2147483647;
			files = (
			);
			inputPaths = (
				"${PODS_PODFILE_DIR_PATH}/Podfile.lock",
				"${PODS_ROOT}/Manifest.lock",
			);
			name = "[CP] Check Pods Manifest.lock";
			outputPaths = (
				"$(DERIVED_FILE_DIR)/Pods-SCE-Mac-checkManifestLockResult.txt",
			);
			runOnlyForDeploymentPostprocessing = 0;
			shellPath = /bin/sh;
			shellScript = "diff \"${PODS_PODFILE_DIR_PATH}/Podfile.lock\" \"${PODS_ROOT}/Manifest.lock\" > /dev/null\nif [ $? != 0 ] ; then\n    # print error to STDERR\n    echo \"error: The sandbox is not in sync with the Podfile.lock. Run 'pod install' or update your CocoaPods installation.\" >&2\n    exit 1\nfi\n# This output is used by Xcode 'outputs' to avoid re-running this script phase.\necho \"SUCCESS\" > \"${SCRIPT_OUTPUT_FILE_0}\"\n";
			showEnvVarsInLog = 0;
		};
		EE9037A406E4FAE4E438B9FA /* [CP] Check Pods Manifest.lock */ = {
			isa = PBXShellScriptBuildPhase;
			buildActionMask = 2147483647;
			files = (
			);
			inputPaths = (
				"${PODS_PODFILE_DIR_PATH}/Podfile.lock",
				"${PODS_ROOT}/Manifest.lock",
			);
			name = "[CP] Check Pods Manifest.lock";
			outputPaths = (
				"$(DERIVED_FILE_DIR)/Pods-SCETests-checkManifestLockResult.txt",
			);
			runOnlyForDeploymentPostprocessing = 0;
			shellPath = /bin/sh;
			shellScript = "diff \"${PODS_PODFILE_DIR_PATH}/Podfile.lock\" \"${PODS_ROOT}/Manifest.lock\" > /dev/null\nif [ $? != 0 ] ; then\n    # print error to STDERR\n    echo \"error: The sandbox is not in sync with the Podfile.lock. Run 'pod install' or update your CocoaPods installation.\" >&2\n    exit 1\nfi\n# This output is used by Xcode 'outputs' to avoid re-running this script phase.\necho \"SUCCESS\" > \"${SCRIPT_OUTPUT_FILE_0}\"\n";
			showEnvVarsInLog = 0;
		};
/* End PBXShellScriptBuildPhase section */

/* Begin PBXSourcesBuildPhase section */
		C7F0B96F210DACCB005A8FE2 /* Sources */ = {
			isa = PBXSourcesBuildPhase;
			buildActionMask = 2147483647;
			files = (
				C7F0B97B210DACCB005A8FE2 /* DetailViewController.swift in Sources */,
				C7F0B979210DACCB005A8FE2 /* MasterViewController.swift in Sources */,
				C7F0B977210DACCB005A8FE2 /* AppDelegate.swift in Sources */,
				C7F0B9BE2112C3CA005A8FE2 /* SolidityLexer.swift in Sources */,
			);
			runOnlyForDeploymentPostprocessing = 0;
		};
		C7F0B985210DACCF005A8FE2 /* Sources */ = {
			isa = PBXSourcesBuildPhase;
			buildActionMask = 2147483647;
			files = (
				C7F0B98E210DACCF005A8FE2 /* SCETests.swift in Sources */,
			);
			runOnlyForDeploymentPostprocessing = 0;
		};
		C7F0B9982112945C005A8FE2 /* Sources */ = {
			isa = PBXSourcesBuildPhase;
			buildActionMask = 2147483647;
			files = (
				C7E7643F2122A2CF00867DA4 /* TemplateCollectionViewItem.swift in Sources */,
				C7F0B9C22113CF7E005A8FE2 /* SplitViewController.swift in Sources */,
				C7F0B9C62113EA39005A8FE2 /* ScriptTask.swift in Sources */,
				C7E7645D212675AF00867DA4 /* Error.swift in Sources */,
				C7F0B99F2112945D005A8FE2 /* AppDelegate.swift in Sources */,
				C7F0B9A32112945D005A8FE2 /* Document.swift in Sources */,
				C7E764422122AC2100867DA4 /* ContractTemplate.swift in Sources */,
				C7F0B9BF2112C3CA005A8FE2 /* SolidityLexer.swift in Sources */,
				C7E7643A21214D4600867DA4 /* ChooseTemplateViewController.swift in Sources */,
				C7E76448212358A900867DA4 /* PreparingViewController.swift in Sources */,
				C7F0B9C42113D48A005A8FE2 /* SplitViewController+SyntaxTextViewDelegate.swift in Sources */,
				C7E76437211EC16300867DA4 /* EditWindowController.swift in Sources */,
				C7E7645B21262D1800867DA4 /* Project.swift in Sources */,
			);
			runOnlyForDeploymentPostprocessing = 0;
		};
		C7F0B9AB2112945F005A8FE2 /* Sources */ = {
			isa = PBXSourcesBuildPhase;
			buildActionMask = 2147483647;
			files = (
				C7F0B9B42112945F005A8FE2 /* SCE_MacTests.swift in Sources */,
			);
			runOnlyForDeploymentPostprocessing = 0;
		};
/* End PBXSourcesBuildPhase section */

/* Begin PBXTargetDependency section */
		C7F0B98B210DACCF005A8FE2 /* PBXTargetDependency */ = {
			isa = PBXTargetDependency;
			target = C7F0B972210DACCB005A8FE2 /* SCE */;
			targetProxy = C7F0B98A210DACCF005A8FE2 /* PBXContainerItemProxy */;
		};
		C7F0B9B12112945F005A8FE2 /* PBXTargetDependency */ = {
			isa = PBXTargetDependency;
			target = C7F0B99B2112945C005A8FE2 /* SCE-Mac */;
			targetProxy = C7F0B9B02112945F005A8FE2 /* PBXContainerItemProxy */;
		};
/* End PBXTargetDependency section */

/* Begin PBXVariantGroup section */
		C7F0B97C210DACCB005A8FE2 /* Main.storyboard */ = {
			isa = PBXVariantGroup;
			children = (
				C7F0B97D210DACCB005A8FE2 /* Base */,
			);
			name = Main.storyboard;
			sourceTree = "<group>";
		};
		C7F0B981210DACCF005A8FE2 /* LaunchScreen.storyboard */ = {
			isa = PBXVariantGroup;
			children = (
				C7F0B982210DACCF005A8FE2 /* Base */,
			);
			name = LaunchScreen.storyboard;
			sourceTree = "<group>";
		};
		C7F0B9A62112945F005A8FE2 /* Main.storyboard */ = {
			isa = PBXVariantGroup;
			children = (
				C7F0B9A72112945F005A8FE2 /* Base */,
			);
			name = Main.storyboard;
			sourceTree = "<group>";
		};
/* End PBXVariantGroup section */

/* Begin XCBuildConfiguration section */
		C7F0B990210DACCF005A8FE2 /* Debug */ = {
			isa = XCBuildConfiguration;
			buildSettings = {
				ALWAYS_SEARCH_USER_PATHS = NO;
				CLANG_ANALYZER_NONNULL = YES;
				CLANG_ANALYZER_NUMBER_OBJECT_CONVERSION = YES_AGGRESSIVE;
				CLANG_CXX_LANGUAGE_STANDARD = "gnu++14";
				CLANG_CXX_LIBRARY = "libc++";
				CLANG_ENABLE_MODULES = YES;
				CLANG_ENABLE_OBJC_ARC = YES;
				CLANG_ENABLE_OBJC_WEAK = YES;
				CLANG_WARN_BLOCK_CAPTURE_AUTORELEASING = YES;
				CLANG_WARN_BOOL_CONVERSION = YES;
				CLANG_WARN_COMMA = YES;
				CLANG_WARN_CONSTANT_CONVERSION = YES;
				CLANG_WARN_DEPRECATED_OBJC_IMPLEMENTATIONS = YES;
				CLANG_WARN_DIRECT_OBJC_ISA_USAGE = YES_ERROR;
				CLANG_WARN_DOCUMENTATION_COMMENTS = YES;
				CLANG_WARN_EMPTY_BODY = YES;
				CLANG_WARN_ENUM_CONVERSION = YES;
				CLANG_WARN_INFINITE_RECURSION = YES;
				CLANG_WARN_INT_CONVERSION = YES;
				CLANG_WARN_NON_LITERAL_NULL_CONVERSION = YES;
				CLANG_WARN_OBJC_IMPLICIT_RETAIN_SELF = YES;
				CLANG_WARN_OBJC_LITERAL_CONVERSION = YES;
				CLANG_WARN_OBJC_ROOT_CLASS = YES_ERROR;
				CLANG_WARN_RANGE_LOOP_ANALYSIS = YES;
				CLANG_WARN_STRICT_PROTOTYPES = YES;
				CLANG_WARN_SUSPICIOUS_MOVE = YES;
				CLANG_WARN_UNGUARDED_AVAILABILITY = YES_AGGRESSIVE;
				CLANG_WARN_UNREACHABLE_CODE = YES;
				CLANG_WARN__DUPLICATE_METHOD_MATCH = YES;
				CODE_SIGN_IDENTITY = "iPhone Developer";
				COPY_PHASE_STRIP = NO;
				DEBUG_INFORMATION_FORMAT = dwarf;
				ENABLE_STRICT_OBJC_MSGSEND = YES;
				ENABLE_TESTABILITY = YES;
				GCC_C_LANGUAGE_STANDARD = gnu11;
				GCC_DYNAMIC_NO_PIC = NO;
				GCC_NO_COMMON_BLOCKS = YES;
				GCC_OPTIMIZATION_LEVEL = 0;
				GCC_PREPROCESSOR_DEFINITIONS = (
					"DEBUG=1",
					"$(inherited)",
				);
				GCC_WARN_64_TO_32_BIT_CONVERSION = YES;
				GCC_WARN_ABOUT_RETURN_TYPE = YES_ERROR;
				GCC_WARN_UNDECLARED_SELECTOR = YES;
				GCC_WARN_UNINITIALIZED_AUTOS = YES_AGGRESSIVE;
				GCC_WARN_UNUSED_FUNCTION = YES;
				GCC_WARN_UNUSED_VARIABLE = YES;
				IPHONEOS_DEPLOYMENT_TARGET = 11.4;
				MTL_ENABLE_DEBUG_INFO = YES;
				ONLY_ACTIVE_ARCH = YES;
				SDKROOT = iphoneos;
				SWIFT_ACTIVE_COMPILATION_CONDITIONS = DEBUG;
				SWIFT_OPTIMIZATION_LEVEL = "-Onone";
			};
			name = Debug;
		};
		C7F0B991210DACCF005A8FE2 /* Release */ = {
			isa = XCBuildConfiguration;
			buildSettings = {
				ALWAYS_SEARCH_USER_PATHS = NO;
				CLANG_ANALYZER_NONNULL = YES;
				CLANG_ANALYZER_NUMBER_OBJECT_CONVERSION = YES_AGGRESSIVE;
				CLANG_CXX_LANGUAGE_STANDARD = "gnu++14";
				CLANG_CXX_LIBRARY = "libc++";
				CLANG_ENABLE_MODULES = YES;
				CLANG_ENABLE_OBJC_ARC = YES;
				CLANG_ENABLE_OBJC_WEAK = YES;
				CLANG_WARN_BLOCK_CAPTURE_AUTORELEASING = YES;
				CLANG_WARN_BOOL_CONVERSION = YES;
				CLANG_WARN_COMMA = YES;
				CLANG_WARN_CONSTANT_CONVERSION = YES;
				CLANG_WARN_DEPRECATED_OBJC_IMPLEMENTATIONS = YES;
				CLANG_WARN_DIRECT_OBJC_ISA_USAGE = YES_ERROR;
				CLANG_WARN_DOCUMENTATION_COMMENTS = YES;
				CLANG_WARN_EMPTY_BODY = YES;
				CLANG_WARN_ENUM_CONVERSION = YES;
				CLANG_WARN_INFINITE_RECURSION = YES;
				CLANG_WARN_INT_CONVERSION = YES;
				CLANG_WARN_NON_LITERAL_NULL_CONVERSION = YES;
				CLANG_WARN_OBJC_IMPLICIT_RETAIN_SELF = YES;
				CLANG_WARN_OBJC_LITERAL_CONVERSION = YES;
				CLANG_WARN_OBJC_ROOT_CLASS = YES_ERROR;
				CLANG_WARN_RANGE_LOOP_ANALYSIS = YES;
				CLANG_WARN_STRICT_PROTOTYPES = YES;
				CLANG_WARN_SUSPICIOUS_MOVE = YES;
				CLANG_WARN_UNGUARDED_AVAILABILITY = YES_AGGRESSIVE;
				CLANG_WARN_UNREACHABLE_CODE = YES;
				CLANG_WARN__DUPLICATE_METHOD_MATCH = YES;
				CODE_SIGN_IDENTITY = "iPhone Developer";
				COPY_PHASE_STRIP = NO;
				DEBUG_INFORMATION_FORMAT = "dwarf-with-dsym";
				ENABLE_NS_ASSERTIONS = NO;
				ENABLE_STRICT_OBJC_MSGSEND = YES;
				GCC_C_LANGUAGE_STANDARD = gnu11;
				GCC_NO_COMMON_BLOCKS = YES;
				GCC_WARN_64_TO_32_BIT_CONVERSION = YES;
				GCC_WARN_ABOUT_RETURN_TYPE = YES_ERROR;
				GCC_WARN_UNDECLARED_SELECTOR = YES;
				GCC_WARN_UNINITIALIZED_AUTOS = YES_AGGRESSIVE;
				GCC_WARN_UNUSED_FUNCTION = YES;
				GCC_WARN_UNUSED_VARIABLE = YES;
				IPHONEOS_DEPLOYMENT_TARGET = 11.4;
				MTL_ENABLE_DEBUG_INFO = NO;
				SDKROOT = iphoneos;
				SWIFT_COMPILATION_MODE = wholemodule;
				SWIFT_OPTIMIZATION_LEVEL = "-O";
				VALIDATE_PRODUCT = YES;
			};
			name = Release;
		};
		C7F0B993210DACCF005A8FE2 /* Debug */ = {
			isa = XCBuildConfiguration;
			baseConfigurationReference = 1733C8FEF8A42DFEA995AC5E /* Pods-SCE.debug.xcconfig */;
			buildSettings = {
				ASSETCATALOG_COMPILER_APPICON_NAME = AppIcon;
				CODE_SIGN_STYLE = Automatic;
				DEVELOPMENT_TEAM = QS2K96ZEMY;
				INFOPLIST_FILE = SCE/Info.plist;
				LD_RUNPATH_SEARCH_PATHS = (
					"$(inherited)",
					"@executable_path/Frameworks",
				);
				PRODUCT_BUNDLE_IDENTIFIER = co.apuzzleaday.SCE;
				PRODUCT_NAME = "$(TARGET_NAME)";
				SWIFT_VERSION = 4.0;
				TARGETED_DEVICE_FAMILY = "1,2";
			};
			name = Debug;
		};
		C7F0B994210DACCF005A8FE2 /* Release */ = {
			isa = XCBuildConfiguration;
			baseConfigurationReference = D54B663B8628E464C0601987 /* Pods-SCE.release.xcconfig */;
			buildSettings = {
				ASSETCATALOG_COMPILER_APPICON_NAME = AppIcon;
				CODE_SIGN_STYLE = Automatic;
				DEVELOPMENT_TEAM = QS2K96ZEMY;
				INFOPLIST_FILE = SCE/Info.plist;
				LD_RUNPATH_SEARCH_PATHS = (
					"$(inherited)",
					"@executable_path/Frameworks",
				);
				PRODUCT_BUNDLE_IDENTIFIER = co.apuzzleaday.SCE;
				PRODUCT_NAME = "$(TARGET_NAME)";
				SWIFT_VERSION = 4.0;
				TARGETED_DEVICE_FAMILY = "1,2";
			};
			name = Release;
		};
		C7F0B996210DACCF005A8FE2 /* Debug */ = {
			isa = XCBuildConfiguration;
			baseConfigurationReference = F1EDF41DDA83A1CD67607617 /* Pods-SCETests.debug.xcconfig */;
			buildSettings = {
				ALWAYS_EMBED_SWIFT_STANDARD_LIBRARIES = YES;
				BUNDLE_LOADER = "$(TEST_HOST)";
				CODE_SIGN_STYLE = Automatic;
				DEVELOPMENT_TEAM = QS2K96ZEMY;
				INFOPLIST_FILE = SCETests/Info.plist;
				LD_RUNPATH_SEARCH_PATHS = (
					"$(inherited)",
					"@executable_path/Frameworks",
					"@loader_path/Frameworks",
				);
				PRODUCT_BUNDLE_IDENTIFIER = co.apuzzleaday.SCETests;
				PRODUCT_NAME = "$(TARGET_NAME)";
				SWIFT_VERSION = 4.0;
				TARGETED_DEVICE_FAMILY = "1,2";
				TEST_HOST = "$(BUILT_PRODUCTS_DIR)/SCE.app/SCE";
			};
			name = Debug;
		};
		C7F0B997210DACCF005A8FE2 /* Release */ = {
			isa = XCBuildConfiguration;
			baseConfigurationReference = 2391A3F05FDCF39259FAF2F6 /* Pods-SCETests.release.xcconfig */;
			buildSettings = {
				ALWAYS_EMBED_SWIFT_STANDARD_LIBRARIES = YES;
				BUNDLE_LOADER = "$(TEST_HOST)";
				CODE_SIGN_STYLE = Automatic;
				DEVELOPMENT_TEAM = QS2K96ZEMY;
				INFOPLIST_FILE = SCETests/Info.plist;
				LD_RUNPATH_SEARCH_PATHS = (
					"$(inherited)",
					"@executable_path/Frameworks",
					"@loader_path/Frameworks",
				);
				PRODUCT_BUNDLE_IDENTIFIER = co.apuzzleaday.SCETests;
				PRODUCT_NAME = "$(TARGET_NAME)";
				SWIFT_VERSION = 4.0;
				TARGETED_DEVICE_FAMILY = "1,2";
				TEST_HOST = "$(BUILT_PRODUCTS_DIR)/SCE.app/SCE";
			};
			name = Release;
		};
		C7F0B9B72112945F005A8FE2 /* Debug */ = {
			isa = XCBuildConfiguration;
			baseConfigurationReference = A57AC0A470301A863C8CA09A /* Pods-SCE-Mac.debug.xcconfig */;
			buildSettings = {
				ASSETCATALOG_COMPILER_APPICON_NAME = AppIcon;
				CODE_SIGN_IDENTITY = "Mac Developer";
				CODE_SIGN_STYLE = Automatic;
				COMBINE_HIDPI_IMAGES = YES;
				DEVELOPMENT_TEAM = QS2K96ZEMY;
				INFOPLIST_FILE = "SCE-Mac/Info.plist";
				LD_RUNPATH_SEARCH_PATHS = (
					"$(inherited)",
					"@executable_path/../Frameworks",
				);
				MACOSX_DEPLOYMENT_TARGET = 10.13;
				PRODUCT_BUNDLE_IDENTIFIER = "co.apuzzleaday.SCE-Mac";
				PRODUCT_NAME = "$(TARGET_NAME)";
				SDKROOT = macosx;
				SWIFT_VERSION = 4.0;
			};
			name = Debug;
		};
		C7F0B9B82112945F005A8FE2 /* Release */ = {
			isa = XCBuildConfiguration;
			baseConfigurationReference = 294898E9D046C12D6CD260F5 /* Pods-SCE-Mac.release.xcconfig */;
			buildSettings = {
				ASSETCATALOG_COMPILER_APPICON_NAME = AppIcon;
				CODE_SIGN_IDENTITY = "Mac Developer";
				CODE_SIGN_STYLE = Automatic;
				COMBINE_HIDPI_IMAGES = YES;
				DEVELOPMENT_TEAM = QS2K96ZEMY;
				INFOPLIST_FILE = "SCE-Mac/Info.plist";
				LD_RUNPATH_SEARCH_PATHS = (
					"$(inherited)",
					"@executable_path/../Frameworks",
				);
				MACOSX_DEPLOYMENT_TARGET = 10.13;
				PRODUCT_BUNDLE_IDENTIFIER = "co.apuzzleaday.SCE-Mac";
				PRODUCT_NAME = "$(TARGET_NAME)";
				SDKROOT = macosx;
				SWIFT_VERSION = 4.0;
			};
			name = Release;
		};
		C7F0B9BA2112945F005A8FE2 /* Debug */ = {
			isa = XCBuildConfiguration;
			baseConfigurationReference = 0D3D7EF76F7CE201078766A9 /* Pods-SCE-MacTests.debug.xcconfig */;
			buildSettings = {
				ALWAYS_EMBED_SWIFT_STANDARD_LIBRARIES = YES;
				BUNDLE_LOADER = "$(TEST_HOST)";
				CODE_SIGN_IDENTITY = "Mac Developer";
				CODE_SIGN_STYLE = Automatic;
				COMBINE_HIDPI_IMAGES = YES;
				DEVELOPMENT_TEAM = QS2K96ZEMY;
				INFOPLIST_FILE = "SCE-MacTests/Info.plist";
				LD_RUNPATH_SEARCH_PATHS = (
					"$(inherited)",
					"@executable_path/../Frameworks",
					"@loader_path/../Frameworks",
				);
				MACOSX_DEPLOYMENT_TARGET = 10.13;
				PRODUCT_BUNDLE_IDENTIFIER = "co.apuzzleaday.SCE-MacTests";
				PRODUCT_NAME = "$(TARGET_NAME)";
				SDKROOT = macosx;
				SWIFT_VERSION = 4.0;
				TEST_HOST = "$(BUILT_PRODUCTS_DIR)/SCE-Mac.app/Contents/MacOS/SCE-Mac";
			};
			name = Debug;
		};
		C7F0B9BB2112945F005A8FE2 /* Release */ = {
			isa = XCBuildConfiguration;
			baseConfigurationReference = 029102825FA6C2A4FF42EDA2 /* Pods-SCE-MacTests.release.xcconfig */;
			buildSettings = {
				ALWAYS_EMBED_SWIFT_STANDARD_LIBRARIES = YES;
				BUNDLE_LOADER = "$(TEST_HOST)";
				CODE_SIGN_IDENTITY = "Mac Developer";
				CODE_SIGN_STYLE = Automatic;
				COMBINE_HIDPI_IMAGES = YES;
				DEVELOPMENT_TEAM = QS2K96ZEMY;
				INFOPLIST_FILE = "SCE-MacTests/Info.plist";
				LD_RUNPATH_SEARCH_PATHS = (
					"$(inherited)",
					"@executable_path/../Frameworks",
					"@loader_path/../Frameworks",
				);
				MACOSX_DEPLOYMENT_TARGET = 10.13;
				PRODUCT_BUNDLE_IDENTIFIER = "co.apuzzleaday.SCE-MacTests";
				PRODUCT_NAME = "$(TARGET_NAME)";
				SDKROOT = macosx;
				SWIFT_VERSION = 4.0;
				TEST_HOST = "$(BUILT_PRODUCTS_DIR)/SCE-Mac.app/Contents/MacOS/SCE-Mac";
			};
			name = Release;
		};
/* End XCBuildConfiguration section */

/* Begin XCConfigurationList section */
		C7F0B96E210DACCB005A8FE2 /* Build configuration list for PBXProject "SCE" */ = {
			isa = XCConfigurationList;
			buildConfigurations = (
				C7F0B990210DACCF005A8FE2 /* Debug */,
				C7F0B991210DACCF005A8FE2 /* Release */,
			);
			defaultConfigurationIsVisible = 0;
			defaultConfigurationName = Release;
		};
		C7F0B992210DACCF005A8FE2 /* Build configuration list for PBXNativeTarget "SCE" */ = {
			isa = XCConfigurationList;
			buildConfigurations = (
				C7F0B993210DACCF005A8FE2 /* Debug */,
				C7F0B994210DACCF005A8FE2 /* Release */,
			);
			defaultConfigurationIsVisible = 0;
			defaultConfigurationName = Release;
		};
		C7F0B995210DACCF005A8FE2 /* Build configuration list for PBXNativeTarget "SCETests" */ = {
			isa = XCConfigurationList;
			buildConfigurations = (
				C7F0B996210DACCF005A8FE2 /* Debug */,
				C7F0B997210DACCF005A8FE2 /* Release */,
			);
			defaultConfigurationIsVisible = 0;
			defaultConfigurationName = Release;
		};
		C7F0B9B62112945F005A8FE2 /* Build configuration list for PBXNativeTarget "SCE-Mac" */ = {
			isa = XCConfigurationList;
			buildConfigurations = (
				C7F0B9B72112945F005A8FE2 /* Debug */,
				C7F0B9B82112945F005A8FE2 /* Release */,
			);
			defaultConfigurationIsVisible = 0;
			defaultConfigurationName = Release;
		};
		C7F0B9B92112945F005A8FE2 /* Build configuration list for PBXNativeTarget "SCE-MacTests" */ = {
			isa = XCConfigurationList;
			buildConfigurations = (
				C7F0B9BA2112945F005A8FE2 /* Debug */,
				C7F0B9BB2112945F005A8FE2 /* Release */,
			);
			defaultConfigurationIsVisible = 0;
			defaultConfigurationName = Release;
		};
/* End XCConfigurationList section */
	};
	rootObject = C7F0B96B210DACCB005A8FE2 /* Project object */;
}
